# THIS IS AN AUTOGENERATED FILE. DO NOT EDIT THIS FILE DIRECTLY.
# yarn lockfile v1


chiffon@^2.5.4:
  version "2.5.4"
  resolved "https://registry.yarnpkg.com/chiffon/-/chiffon-2.5.4.tgz#e7bc0e486ce45ef96d5fefb5237638d0bbe47f2f"
  integrity sha512-WRUIL4bxYayqxnzr6j2kB1DyrHZmj90ZWOmaPdLoff0Swc0+F+8872vPRaNAuMMhwxzKwojMiL0iFcNV8qrJNg==
